
Microsoft Visual Studio Solution File, Format Version 12.00
# Visual Studio Version 17
VisualStudioVersion = 17.4.33205.214
MinimumVisualStudioVersion = 10.0.40219.1
Project("{FAE04EC0-301F-11D3-BF4B-00C04F79EFBC}") = "Simple Fake Identity Generator", "Simple Fake Identity Generator.csproj", "{CEC41259-67B9-4526-937A-0A39E64B78D4}"
EndProject
Global
	GlobalSection(SolutionConfigurationPlatforms) = preSolution
		Debug|Any CPU = Debug|Any CPU
		Release|Any CPU = Release|Any CPU
	EndGlobalSection
	GlobalSection(ProjectConfigurationPlatforms) = postSolution
		{CEC41259-67B9-4526-937A-0A39E64B78D4}.Debug|Any CPU.ActiveCfg = Debug|Any CPU
		{CEC41259-67B9-4526-937A-0A39E64B78D4}.Debug|Any CPU.Build.0 = Debug|Any CPU
		{CEC41259-67B9-4526-937A-0A39E64B78D4}.Release|Any CPU.ActiveCfg = Release|Any CPU
		{CEC41259-67B9-4526-937A-0A39E64B78D4}.Release|Any CPU.Build.0 = Release|Any CPU
	EndGlobalSection
	GlobalSection(SolutionProperties) = preSolution
		HideSolutionNode = FALSE
	EndGlobalSection
	GlobalSection(ExtensibilityGlobals) = postSolution
		SolutionGuid = {58E80778-452C-4609-B21A-36A2E6E6C7D1}
	EndGlobalSection
EndGlobal
